
Microsoft Visual Studio Solution File, Format Version 12.00
# Visual Studio Version 16
VisualStudioVersion = 16.0.31205.134
MinimumVisualStudioVersion = 10.0.40219.1
Project("{2150E333-8FDC-42A3-9474-1A3956D46DE8}") = "src", "src", "{8DC4AB19-0ABE-41C5-BF64-BC3B7A0EDFB3}"
EndProject
Project("{2150E333-8FDC-42A3-9474-1A3956D46DE8}") = "tests", "tests", "{AC14A3E3-06CD-4224-AE44-F1D6BEE7AA9C}"
EndProject
Project("{9A19103F-16F7-4668-BE54-9A1E7A4F7556}") = "Web", "src\Web\Web.csproj", "{5EF54B11-2D5E-46B2-A164-430B629EC1AC}"
EndProject
Project("{9A19103F-16F7-4668-BE54-9A1E7A4F7556}") = "ApplicationCore", "src\ApplicationCore\ApplicationCore.csproj", "{33F64DEA-5665-40BE-9DFC-87833E696817}"
EndProject
Project("{9A19103F-16F7-4668-BE54-9A1E7A4F7556}") = "Infrastructure", "src\Infrastructure\Infrastructure.csproj", "{889C722A-C171-4D22-8D9F-6648EC37DFBA}"
EndProject
Project("{9A19103F-16F7-4668-BE54-9A1E7A4F7556}") = "UnitTests", "tests\UnitTests\UnitTests.csproj", "{BD663275-2EE2-4CBA-AADF-5F2C1368C66C}"
EndProject
Project("{2150E333-8FDC-42A3-9474-1A3956D46DE8}") = "Solution Items", "Solution Items", "{30298A57-6438-462B-8992-6B587D7BB5DF}"
	ProjectSection(SolutionItems) = preProject
		README.md = README.md
	EndProjectSection
EndProject
Global
	GlobalSection(SolutionConfigurationPlatforms) = preSolution
		Debug|Any CPU = Debug|Any CPU
		Release|Any CPU = Release|Any CPU
	EndGlobalSection
	GlobalSection(ProjectConfigurationPlatforms) = postSolution
		{5EF54B11-2D5E-46B2-A164-430B629EC1AC}.Debug|Any CPU.ActiveCfg = Debug|Any CPU
		{5EF54B11-2D5E-46B2-A164-430B629EC1AC}.Debug|Any CPU.Build.0 = Debug|Any CPU
		{5EF54B11-2D5E-46B2-A164-430B629EC1AC}.Release|Any CPU.ActiveCfg = Release|Any CPU
		{5EF54B11-2D5E-46B2-A164-430B629EC1AC}.Release|Any CPU.Build.0 = Release|Any CPU
		{33F64DEA-5665-40BE-9DFC-87833E696817}.Debug|Any CPU.ActiveCfg = Debug|Any CPU
		{33F64DEA-5665-40BE-9DFC-87833E696817}.Debug|Any CPU.Build.0 = Debug|Any CPU
		{33F64DEA-5665-40BE-9DFC-87833E696817}.Release|Any CPU.ActiveCfg = Release|Any CPU
		{33F64DEA-5665-40BE-9DFC-87833E696817}.Release|Any CPU.Build.0 = Release|Any CPU
		{889C722A-C171-4D22-8D9F-6648EC37DFBA}.Debug|Any CPU.ActiveCfg = Debug|Any CPU
		{889C722A-C171-4D22-8D9F-6648EC37DFBA}.Debug|Any CPU.Build.0 = Debug|Any CPU
		{889C722A-C171-4D22-8D9F-6648EC37DFBA}.Release|Any CPU.ActiveCfg = Release|Any CPU
		{889C722A-C171-4D22-8D9F-6648EC37DFBA}.Release|Any CPU.Build.0 = Release|Any CPU
		{BD663275-2EE2-4CBA-AADF-5F2C1368C66C}.Debug|Any CPU.ActiveCfg = Debug|Any CPU
		{BD663275-2EE2-4CBA-AADF-5F2C1368C66C}.Debug|Any CPU.Build.0 = Debug|Any CPU
		{BD663275-2EE2-4CBA-AADF-5F2C1368C66C}.Release|Any CPU.ActiveCfg = Release|Any CPU
		{BD663275-2EE2-4CBA-AADF-5F2C1368C66C}.Release|Any CPU.Build.0 = Release|Any CPU
	EndGlobalSection
	GlobalSection(SolutionProperties) = preSolution
		HideSolutionNode = FALSE
	EndGlobalSection
	GlobalSection(NestedProjects) = preSolution
		{5EF54B11-2D5E-46B2-A164-430B629EC1AC} = {8DC4AB19-0ABE-41C5-BF64-BC3B7A0EDFB3}
		{33F64DEA-5665-40BE-9DFC-87833E696817} = {8DC4AB19-0ABE-41C5-BF64-BC3B7A0EDFB3}
		{889C722A-C171-4D22-8D9F-6648EC37DFBA} = {8DC4AB19-0ABE-41C5-BF64-BC3B7A0EDFB3}
		{BD663275-2EE2-4CBA-AADF-5F2C1368C66C} = {AC14A3E3-06CD-4224-AE44-F1D6BEE7AA9C}
	EndGlobalSection
	GlobalSection(ExtensibilityGlobals) = postSolution
		SolutionGuid = {EBF12167-E389-4C8E-A7C3-B507947B8CD5}
	EndGlobalSection
EndGlobal
